
Microsoft Visual Studio Solution File, Format Version 12.00
# Visual Studio Version 18
VisualStudioVersion = 18.1.11312.151
MinimumVisualStudioVersion = 10.0.40219.1
Project("{2150E333-8FDC-42A3-9474-1A3956D46DE8}") = "src", "src", "{827E0CD3-B72D-47B6-A68D-7590B98EB39B}"
EndProject
Project("{2150E333-8FDC-42A3-9474-1A3956D46DE8}") = "legacy", "legacy", "{90AACAC6-F01F-4D80-4495-114698DDABE3}"
EndProject
Project("{2150E333-8FDC-42A3-9474-1A3956D46DE8}") = "AppHost", "AppHost", "{7E2C3B01-AF35-0295-43BB-73FC6F45D1E2}"
EndProject
Project("{FAE04EC0-301F-11D3-BF4B-00C04F79EFBC}") = "Legacy.AppHost", "src\legacy\AppHost\Legacy.AppHost\Legacy.AppHost.csproj", "{30CC1A01-71A9-4B10-90A8-A5F5D6B03E22}"
EndProject
Project("{FAE04EC0-301F-11D3-BF4B-00C04F79EFBC}") = "Legacy.Domain", "src\legacy\Legacy.Domain\Legacy.Domain.csproj", "{08852DB7-2147-40C1-8D7A-0928ACEF4DC9}"
EndProject
Project("{2150E333-8FDC-42A3-9474-1A3956D46DE8}") = "modern", "modern", "{C15B5CCC-C638-FB2B-B311-A808C759D151}"
EndProject
Project("{2150E333-8FDC-42A3-9474-1A3956D46DE8}") = "AppHost", "AppHost", "{C8516CE5-6692-6B45-EEF6-BC0143F5A484}"
EndProject
Project("{FAE04EC0-301F-11D3-BF4B-00C04F79EFBC}") = "Modern.AppHost", "src\modern\AppHost\Modern.AppHost\Modern.AppHost.csproj", "{4A930F9C-D850-4524-A3FD-9A8BF145F03E}"
EndProject
Project("{FAE04EC0-301F-11D3-BF4B-00C04F79EFBC}") = "Modern.Domain", "src\modern\Modern.Domain\Modern.Domain.csproj", "{03581D6D-7A8B-49EF-BD13-2BF6FC8F5701}"
EndProject
Project("{FAE04EC0-301F-11D3-BF4B-00C04F79EFBC}") = "Modern.Infrastructure", "src\modern\Modern.Infrastructure\Modern.Infrastructure.csproj", "{A295F340-0CFD-4969-A99D-0B310B8B2C3A}"
EndProject
Project("{2150E333-8FDC-42A3-9474-1A3956D46DE8}") = "tests", "tests", "{0AB3BF05-4346-4AA6-1389-037BE0695223}"
EndProject
Project("{FAE04EC0-301F-11D3-BF4B-00C04F79EFBC}") = "Legacy.Tests", "tests\Legacy.Tests\Legacy.Tests.csproj", "{12B8027F-A401-43E7-8ECB-80879E2E699D}"
EndProject
Project("{FAE04EC0-301F-11D3-BF4B-00C04F79EFBC}") = "Modern.Tests", "tests\Modern.Tests\Modern.Tests.csproj", "{1716A909-5FCE-496C-B15B-EEED2EE30B23}"
EndProject
Project("{2150E333-8FDC-42A3-9474-1A3956D46DE8}") = "Solution Items", "Solution Items", "{7BC2A08B-4B35-4C5F-AA39-2E48A330B175}"
	ProjectSection(SolutionItems) = preProject
		.gitignore = .gitignore
		README.md = README.md
	EndProjectSection
EndProject
Project("{FAE04EC0-301F-11D3-BF4B-00C04F79EFBC}") = "Legacy.Infrastructure", "src\legacy\Legacy.Infrastructure\Legacy.Infrastructure.csproj", "{8711EB3B-9877-4AC2-9E93-629A68BC92E5}"
EndProject
Global
	GlobalSection(SolutionConfigurationPlatforms) = preSolution
		Debug|Any CPU = Debug|Any CPU
		Debug|x64 = Debug|x64
		Debug|x86 = Debug|x86
		Release|Any CPU = Release|Any CPU
		Release|x64 = Release|x64
		Release|x86 = Release|x86
	EndGlobalSection
	GlobalSection(ProjectConfigurationPlatforms) = postSolution
		{30CC1A01-71A9-4B10-90A8-A5F5D6B03E22}.Debug|Any CPU.ActiveCfg = Debug|Any CPU
		{30CC1A01-71A9-4B10-90A8-A5F5D6B03E22}.Debug|Any CPU.Build.0 = Debug|Any CPU
		{30CC1A01-71A9-4B10-90A8-A5F5D6B03E22}.Debug|x64.ActiveCfg = Debug|Any CPU
		{30CC1A01-71A9-4B10-90A8-A5F5D6B03E22}.Debug|x64.Build.0 = Debug|Any CPU
		{30CC1A01-71A9-4B10-90A8-A5F5D6B03E22}.Debug|x86.ActiveCfg = Debug|Any CPU
		{30CC1A01-71A9-4B10-90A8-A5F5D6B03E22}.Debug|x86.Build.0 = Debug|Any CPU
		{30CC1A01-71A9-4B10-90A8-A5F5D6B03E22}.Release|Any CPU.ActiveCfg = Release|Any CPU
		{30CC1A01-71A9-4B10-90A8-A5F5D6B03E22}.Release|Any CPU.Build.0 = Release|Any CPU
		{30CC1A01-71A9-4B10-90A8-A5F5D6B03E22}.Release|x64.ActiveCfg = Release|Any CPU
		{30CC1A01-71A9-4B10-90A8-A5F5D6B03E22}.Release|x64.Build.0 = Release|Any CPU
		{30CC1A01-71A9-4B10-90A8-A5F5D6B03E22}.Release|x86.ActiveCfg = Release|Any CPU
		{30CC1A01-71A9-4B10-90A8-A5F5D6B03E22}.Release|x86.Build.0 = Release|Any CPU
		{08852DB7-2147-40C1-8D7A-0928ACEF4DC9}.Debug|Any CPU.ActiveCfg = Debug|Any CPU
		{08852DB7-2147-40C1-8D7A-0928ACEF4DC9}.Debug|Any CPU.Build.0 = Debug|Any CPU
		{08852DB7-2147-40C1-8D7A-0928ACEF4DC9}.Debug|x64.ActiveCfg = Debug|Any CPU
		{08852DB7-2147-40C1-8D7A-0928ACEF4DC9}.Debug|x64.Build.0 = Debug|Any CPU
		{08852DB7-2147-40C1-8D7A-0928ACEF4DC9}.Debug|x86.ActiveCfg = Debug|Any CPU
		{08852DB7-2147-40C1-8D7A-0928ACEF4DC9}.Debug|x86.Build.0 = Debug|Any CPU
		{08852DB7-2147-40C1-8D7A-0928ACEF4DC9}.Release|Any CPU.ActiveCfg = Release|Any CPU
		{08852DB7-2147-40C1-8D7A-0928ACEF4DC9}.Release|Any CPU.Build.0 = Release|Any CPU
		{08852DB7-2147-40C1-8D7A-0928ACEF4DC9}.Release|x64.ActiveCfg = Release|Any CPU
		{08852DB7-2147-40C1-8D7A-0928ACEF4DC9}.Release|x64.Build.0 = Release|Any CPU
		{08852DB7-2147-40C1-8D7A-0928ACEF4DC9}.Release|x86.ActiveCfg = Release|Any CPU
		{08852DB7-2147-40C1-8D7A-0928ACEF4DC9}.Release|x86.Build.0 = Release|Any CPU
		{4A930F9C-D850-4524-A3FD-9A8BF145F03E}.Debug|Any CPU.ActiveCfg = Debug|Any CPU
		{4A930F9C-D850-4524-A3FD-9A8BF145F03E}.Debug|Any CPU.Build.0 = Debug|Any CPU
		{4A930F9C-D850-4524-A3FD-9A8BF145F03E}.Debug|x64.ActiveCfg = Debug|Any CPU
		{4A930F9C-D850-4524-A3FD-9A8BF145F03E}.Debug|x64.Build.0 = Debug|Any CPU
		{4A930F9C-D850-4524-A3FD-9A8BF145F03E}.Debug|x86.ActiveCfg = Debug|Any CPU
		{4A930F9C-D850-4524-A3FD-9A8BF145F03E}.Debug|x86.Build.0 = Debug|Any CPU
		{4A930F9C-D850-4524-A3FD-9A8BF145F03E}.Release|Any CPU.ActiveCfg = Release|Any CPU
		{4A930F9C-D850-4524-A3FD-9A8BF145F03E}.Release|Any CPU.Build.0 = Release|Any CPU
		{4A930F9C-D850-4524-A3FD-9A8BF145F03E}.Release|x64.ActiveCfg = Release|Any CPU
		{4A930F9C-D850-4524-A3FD-9A8BF145F03E}.Release|x64.Build.0 = Release|Any CPU
		{4A930F9C-D850-4524-A3FD-9A8BF145F03E}.Release|x86.ActiveCfg = Release|Any CPU
		{4A930F9C-D850-4524-A3FD-9A8BF145F03E}.Release|x86.Build.0 = Release|Any CPU
		{03581D6D-7A8B-49EF-BD13-2BF6FC8F5701}.Debug|Any CPU.ActiveCfg = Debug|Any CPU
		{03581D6D-7A8B-49EF-BD13-2BF6FC8F5701}.Debug|Any CPU.Build.0 = Debug|Any CPU
		{03581D6D-7A8B-49EF-BD13-2BF6FC8F5701}.Debug|x64.ActiveCfg = Debug|Any CPU
		{03581D6D-7A8B-49EF-BD13-2BF6FC8F5701}.Debug|x64.Build.0 = Debug|Any CPU
		{03581D6D-7A8B-49EF-BD13-2BF6FC8F5701}.Debug|x86.ActiveCfg = Debug|Any CPU
		{03581D6D-7A8B-49EF-BD13-2BF6FC8F5701}.Debug|x86.Build.0 = Debug|Any CPU
		{03581D6D-7A8B-49EF-BD13-2BF6FC8F5701}.Release|Any CPU.ActiveCfg = Release|Any CPU
		{03581D6D-7A8B-49EF-BD13-2BF6FC8F5701}.Release|Any CPU.Build.0 = Release|Any CPU
		{03581D6D-7A8B-49EF-BD13-2BF6FC8F5701}.Release|x64.ActiveCfg = Release|Any CPU
		{03581D6D-7A8B-49EF-BD13-2BF6FC8F5701}.Release|x64.Build.0 = Release|Any CPU
		{03581D6D-7A8B-49EF-BD13-2BF6FC8F5701}.Release|x86.ActiveCfg = Release|Any CPU
		{03581D6D-7A8B-49EF-BD13-2BF6FC8F5701}.Release|x86.Build.0 = Release|Any CPU
		{A295F340-0CFD-4969-A99D-0B310B8B2C3A}.Debug|Any CPU.ActiveCfg = Debug|Any CPU
		{A295F340-0CFD-4969-A99D-0B310B8B2C3A}.Debug|Any CPU.Build.0 = Debug|Any CPU
		{A295F340-0CFD-4969-A99D-0B310B8B2C3A}.Debug|x64.ActiveCfg = Debug|Any CPU
		{A295F340-0CFD-4969-A99D-0B310B8B2C3A}.Debug|x64.Build.0 = Debug|Any CPU
		{A295F340-0CFD-4969-A99D-0B310B8B2C3A}.Debug|x86.ActiveCfg = Debug|Any CPU
		{A295F340-0CFD-4969-A99D-0B310B8B2C3A}.Debug|x86.Build.0 = Debug|Any CPU
		{A295F340-0CFD-4969-A99D-0B310B8B2C3A}.Release|Any CPU.ActiveCfg = Release|Any CPU
		{A295F340-0CFD-4969-A99D-0B310B8B2C3A}.Release|Any CPU.Build.0 = Release|Any CPU
		{A295F340-0CFD-4969-A99D-0B310B8B2C3A}.Release|x64.ActiveCfg = Release|Any CPU
		{A295F340-0CFD-4969-A99D-0B310B8B2C3A}.Release|x64.Build.0 = Release|Any CPU
		{A295F340-0CFD-4969-A99D-0B310B8B2C3A}.Release|x86.ActiveCfg = Release|Any CPU
		{A295F340-0CFD-4969-A99D-0B310B8B2C3A}.Release|x86.Build.0 = Release|Any CPU
		{12B8027F-A401-43E7-8ECB-80879E2E699D}.Debug|Any CPU.ActiveCfg = Debug|Any CPU
		{12B8027F-A401-43E7-8ECB-80879E2E699D}.Debug|Any CPU.Build.0 = Debug|Any CPU
		{12B8027F-A401-43E7-8ECB-80879E2E699D}.Debug|x64.ActiveCfg = Debug|Any CPU
		{12B8027F-A401-43E7-8ECB-80879E2E699D}.Debug|x64.Build.0 = Debug|Any CPU
		{12B8027F-A401-43E7-8ECB-80879E2E699D}.Debug|x86.ActiveCfg = Debug|Any CPU
		{12B8027F-A401-43E7-8ECB-80879E2E699D}.Debug|x86.Build.0 = Debug|Any CPU
		{12B8027F-A401-43E7-8ECB-80879E2E699D}.Release|Any CPU.ActiveCfg = Release|Any CPU
		{12B8027F-A401-43E7-8ECB-80879E2E699D}.Release|Any CPU.Build.0 = Release|Any CPU
		{12B8027F-A401-43E7-8ECB-80879E2E699D}.Release|x64.ActiveCfg = Release|Any CPU
		{12B8027F-A401-43E7-8ECB-80879E2E699D}.Release|x64.Build.0 = Release|Any CPU
		{12B8027F-A401-43E7-8ECB-80879E2E699D}.Release|x86.ActiveCfg = Release|Any CPU
		{12B8027F-A401-43E7-8ECB-80879E2E699D}.Release|x86.Build.0 = Release|Any CPU
		{1716A909-5FCE-496C-B15B-EEED2EE30B23}.Debug|Any CPU.ActiveCfg = Debug|Any CPU
		{1716A909-5FCE-496C-B15B-EEED2EE30B23}.Debug|Any CPU.Build.0 = Debug|Any CPU
		{1716A909-5FCE-496C-B15B-EEED2EE30B23}.Debug|x64.ActiveCfg = Debug|Any CPU
		{1716A909-5FCE-496C-B15B-EEED2EE30B23}.Debug|x64.Build.0 = Debug|Any CPU
		{1716A909-5FCE-496C-B15B-EEED2EE30B23}.Debug|x86.ActiveCfg = Debug|Any CPU
		{1716A909-5FCE-496C-B15B-EEED2EE30B23}.Debug|x86.Build.0 = Debug|Any CPU
		{1716A909-5FCE-496C-B15B-EEED2EE30B23}.Release|Any CPU.ActiveCfg = Release|Any CPU
		{1716A909-5FCE-496C-B15B-EEED2EE30B23}.Release|Any CPU.Build.0 = Release|Any CPU
		{1716A909-5FCE-496C-B15B-EEED2EE30B23}.Release|x64.ActiveCfg = Release|Any CPU
		{1716A909-5FCE-496C-B15B-EEED2EE30B23}.Release|x64.Build.0 = Release|Any CPU
		{1716A909-5FCE-496C-B15B-EEED2EE30B23}.Release|x86.ActiveCfg = Release|Any CPU
		{1716A909-5FCE-496C-B15B-EEED2EE30B23}.Release|x86.Build.0 = Release|Any CPU
		{8711EB3B-9877-4AC2-9E93-629A68BC92E5}.Debug|Any CPU.ActiveCfg = Debug|Any CPU
		{8711EB3B-9877-4AC2-9E93-629A68BC92E5}.Debug|Any CPU.Build.0 = Debug|Any CPU
		{8711EB3B-9877-4AC2-9E93-629A68BC92E5}.Debug|x64.ActiveCfg = Debug|Any CPU
		{8711EB3B-9877-4AC2-9E93-629A68BC92E5}.Debug|x64.Build.0 = Debug|Any CPU
		{8711EB3B-9877-4AC2-9E93-629A68BC92E5}.Debug|x86.ActiveCfg = Debug|Any CPU
		{8711EB3B-9877-4AC2-9E93-629A68BC92E5}.Debug|x86.Build.0 = Debug|Any CPU
		{8711EB3B-9877-4AC2-9E93-629A68BC92E5}.Release|Any CPU.ActiveCfg = Release|Any CPU
		{8711EB3B-9877-4AC2-9E93-629A68BC92E5}.Release|Any CPU.Build.0 = Release|Any CPU
		{8711EB3B-9877-4AC2-9E93-629A68BC92E5}.Release|x64.ActiveCfg = Release|Any CPU
		{8711EB3B-9877-4AC2-9E93-629A68BC92E5}.Release|x64.Build.0 = Release|Any CPU
		{8711EB3B-9877-4AC2-9E93-629A68BC92E5}.Release|x86.ActiveCfg = Release|Any CPU
		{8711EB3B-9877-4AC2-9E93-629A68BC92E5}.Release|x86.Build.0 = Release|Any CPU
	EndGlobalSection
	GlobalSection(SolutionProperties) = preSolution
		HideSolutionNode = FALSE
	EndGlobalSection
	GlobalSection(NestedProjects) = preSolution
		{90AACAC6-F01F-4D80-4495-114698DDABE3} = {827E0CD3-B72D-47B6-A68D-7590B98EB39B}
		{7E2C3B01-AF35-0295-43BB-73FC6F45D1E2} = {90AACAC6-F01F-4D80-4495-114698DDABE3}
		{30CC1A01-71A9-4B10-90A8-A5F5D6B03E22} = {7E2C3B01-AF35-0295-43BB-73FC6F45D1E2}
		{08852DB7-2147-40C1-8D7A-0928ACEF4DC9} = {90AACAC6-F01F-4D80-4495-114698DDABE3}
		{C15B5CCC-C638-FB2B-B311-A808C759D151} = {827E0CD3-B72D-47B6-A68D-7590B98EB39B}
		{C8516CE5-6692-6B45-EEF6-BC0143F5A484} = {C15B5CCC-C638-FB2B-B311-A808C759D151}
		{4A930F9C-D850-4524-A3FD-9A8BF145F03E} = {C8516CE5-6692-6B45-EEF6-BC0143F5A484}
		{03581D6D-7A8B-49EF-BD13-2BF6FC8F5701} = {C15B5CCC-C638-FB2B-B311-A808C759D151}
		{A295F340-0CFD-4969-A99D-0B310B8B2C3A} = {C15B5CCC-C638-FB2B-B311-A808C759D151}
		{12B8027F-A401-43E7-8ECB-80879E2E699D} = {0AB3BF05-4346-4AA6-1389-037BE0695223}
		{1716A909-5FCE-496C-B15B-EEED2EE30B23} = {0AB3BF05-4346-4AA6-1389-037BE0695223}
		{8711EB3B-9877-4AC2-9E93-629A68BC92E5} = {90AACAC6-F01F-4D80-4495-114698DDABE3}
	EndGlobalSection
EndGlobal
